{
  "name": "contact",
  "version": "0.1.1",
  "lockfileVersion": 1,
  "requires": true,
  "dependencies": {
    "abstract-class-error": {
      "version": "1.0.1",
      "resolved": "https://registry.npmjs.org/abstract-class-error/-/abstract-class-error-1.0.1.tgz",
      "integrity": "sha1-Tqb2+lqSmkbl6DQYYYy9hMvv52M="
    },
    "centroid": {
      "version": "1.0.2",
      "resolved": "https://registry.npmjs.org/centroid/-/centroid-1.0.2.tgz",
      "integrity": "sha1-aGQuV0E48m+agku13v/ksOy4Kcc=",
      "requires": {
        "httpreq": "0.4.24"
      }
    },
    "httpreq": {
      "version": "0.4.24",
      "resolved": "https://registry.npmjs.org/httpreq/-/httpreq-0.4.24.tgz",
      "integrity": "sha1-QzX/2CzZaWaKOUZckprGHWOTYn8="
    }
  }
}
