# THIS IS AN AUTOGENERATED FILE. DO NOT EDIT THIS FILE DIRECTLY.
# yarn lockfile v1


abstract-class-error@^1.0.1:
  version "1.0.1"
  resolved "https://registry.yarnpkg.com/abstract-class-error/-/abstract-class-error-1.0.1.tgz#4ea6f6fa5a929a46e5e83418618cbd84cbefe763"

centroid@^1.0.0:
  version "1.0.2"
  resolved "https://registry.yarnpkg.com/centroid/-/centroid-1.0.2.tgz#68642e574138f26f9a824bb5deffe4b0ecb829c7"
  dependencies:
    httpreq "^0.4.22"

httpreq@^0.4.22:
  version "0.4.24"
  resolved "https://registry.yarnpkg.com/httpreq/-/httpreq-0.4.24.tgz#4335ffd82cd969668a39465c929ac61d6393627f"
